
Microsoft Visual Studio Solution File, Format Version 12.00
# Visual Studio Version 17
VisualStudioVersion = 17.14.36603.0
MinimumVisualStudioVersion = 10.0.40219.1
Project("{FAE04EC0-301F-11D3-BF4B-00C04F79EFBC}") = "NxDesk.Client", "NxDesk.Client\NxDesk.Client.csproj", "{3BDACBD7-D166-4B30-8DF4-5DBF36F0A041}"
EndProject
Project("{FAE04EC0-301F-11D3-BF4B-00C04F79EFBC}") = "NxDesk.Application", "NxDesk.Application\NxDesk.Application.csproj", "{1A8AFC98-DA94-4998-8CB7-635DF2CF39DC}"
EndProject
Project("{FAE04EC0-301F-11D3-BF4B-00C04F79EFBC}") = "NxDesk.Core", "NxDesk.Core\NxDesk.Core.csproj", "{6174169A-771C-41D8-8837-FCD652830055}"
EndProject
Project("{FAE04EC0-301F-11D3-BF4B-00C04F79EFBC}") = "NxDesk.SignalingServer", "NxDesk.SignalingServer\NxDesk.SignalingServer.csproj", "{43676978-2602-4795-A91E-8382543B83AD}"
EndProject
Project("{FAE04EC0-301F-11D3-BF4B-00C04F79EFBC}") = "NxDesk.Host", "NxDesk.Host\NxDesk.Host.csproj", "{A488BA9B-77F5-4D2A-9517-7B869174A0F8}"
EndProject
Global
	GlobalSection(SolutionConfigurationPlatforms) = preSolution
		Debug|Any CPU = Debug|Any CPU
		Debug|x64 = Debug|x64
		Debug|x86 = Debug|x86
		Release|Any CPU = Release|Any CPU
		Release|x64 = Release|x64
		Release|x86 = Release|x86
	EndGlobalSection
	GlobalSection(ProjectConfigurationPlatforms) = postSolution
		{3BDACBD7-D166-4B30-8DF4-5DBF36F0A041}.Debug|Any CPU.ActiveCfg = Debug|Any CPU
		{3BDACBD7-D166-4B30-8DF4-5DBF36F0A041}.Debug|Any CPU.Build.0 = Debug|Any CPU
		{3BDACBD7-D166-4B30-8DF4-5DBF36F0A041}.Debug|x64.ActiveCfg = Debug|x64
		{3BDACBD7-D166-4B30-8DF4-5DBF36F0A041}.Debug|x64.Build.0 = Debug|x64
		{3BDACBD7-D166-4B30-8DF4-5DBF36F0A041}.Debug|x86.ActiveCfg = Debug|Any CPU
		{3BDACBD7-D166-4B30-8DF4-5DBF36F0A041}.Debug|x86.Build.0 = Debug|Any CPU
		{3BDACBD7-D166-4B30-8DF4-5DBF36F0A041}.Release|Any CPU.ActiveCfg = Release|Any CPU
		{3BDACBD7-D166-4B30-8DF4-5DBF36F0A041}.Release|Any CPU.Build.0 = Release|Any CPU
		{3BDACBD7-D166-4B30-8DF4-5DBF36F0A041}.Release|x64.ActiveCfg = Release|x64
		{3BDACBD7-D166-4B30-8DF4-5DBF36F0A041}.Release|x64.Build.0 = Release|x64
		{3BDACBD7-D166-4B30-8DF4-5DBF36F0A041}.Release|x86.ActiveCfg = Release|Any CPU
		{3BDACBD7-D166-4B30-8DF4-5DBF36F0A041}.Release|x86.Build.0 = Release|Any CPU
		{1A8AFC98-DA94-4998-8CB7-635DF2CF39DC}.Debug|Any CPU.ActiveCfg = Debug|Any CPU
		{1A8AFC98-DA94-4998-8CB7-635DF2CF39DC}.Debug|Any CPU.Build.0 = Debug|Any CPU
		{1A8AFC98-DA94-4998-8CB7-635DF2CF39DC}.Debug|x64.ActiveCfg = Debug|Any CPU
		{1A8AFC98-DA94-4998-8CB7-635DF2CF39DC}.Debug|x64.Build.0 = Debug|Any CPU
		{1A8AFC98-DA94-4998-8CB7-635DF2CF39DC}.Debug|x86.ActiveCfg = Debug|Any CPU
		{1A8AFC98-DA94-4998-8CB7-635DF2CF39DC}.Debug|x86.Build.0 = Debug|Any CPU
		{1A8AFC98-DA94-4998-8CB7-635DF2CF39DC}.Release|Any CPU.ActiveCfg = Release|Any CPU
		{1A8AFC98-DA94-4998-8CB7-635DF2CF39DC}.Release|Any CPU.Build.0 = Release|Any CPU
		{1A8AFC98-DA94-4998-8CB7-635DF2CF39DC}.Release|x64.ActiveCfg = Release|Any CPU
		{1A8AFC98-DA94-4998-8CB7-635DF2CF39DC}.Release|x64.Build.0 = Release|Any CPU
		{1A8AFC98-DA94-4998-8CB7-635DF2CF39DC}.Release|x86.ActiveCfg = Release|Any CPU
		{1A8AFC98-DA94-4998-8CB7-635DF2CF39DC}.Release|x86.Build.0 = Release|Any CPU
		{6174169A-771C-41D8-8837-FCD652830055}.Debug|Any CPU.ActiveCfg = Debug|Any CPU
		{6174169A-771C-41D8-8837-FCD652830055}.Debug|Any CPU.Build.0 = Debug|Any CPU
		{6174169A-771C-41D8-8837-FCD652830055}.Debug|x64.ActiveCfg = Debug|Any CPU
		{6174169A-771C-41D8-8837-FCD652830055}.Debug|x64.Build.0 = Debug|Any CPU
		{6174169A-771C-41D8-8837-FCD652830055}.Debug|x86.ActiveCfg = Debug|Any CPU
		{6174169A-771C-41D8-8837-FCD652830055}.Debug|x86.Build.0 = Debug|Any CPU
		{6174169A-771C-41D8-8837-FCD652830055}.Release|Any CPU.ActiveCfg = Release|Any CPU
		{6174169A-771C-41D8-8837-FCD652830055}.Release|Any CPU.Build.0 = Release|Any CPU
		{6174169A-771C-41D8-8837-FCD652830055}.Release|x64.ActiveCfg = Release|Any CPU
		{6174169A-771C-41D8-8837-FCD652830055}.Release|x64.Build.0 = Release|Any CPU
		{6174169A-771C-41D8-8837-FCD652830055}.Release|x86.ActiveCfg = Release|Any CPU
		{6174169A-771C-41D8-8837-FCD652830055}.Release|x86.Build.0 = Release|Any CPU
		{43676978-2602-4795-A91E-8382543B83AD}.Debug|Any CPU.ActiveCfg = Debug|Any CPU
		{43676978-2602-4795-A91E-8382543B83AD}.Debug|Any CPU.Build.0 = Debug|Any CPU
		{43676978-2602-4795-A91E-8382543B83AD}.Debug|x64.ActiveCfg = Debug|Any CPU
		{43676978-2602-4795-A91E-8382543B83AD}.Debug|x64.Build.0 = Debug|Any CPU
		{43676978-2602-4795-A91E-8382543B83AD}.Debug|x86.ActiveCfg = Debug|Any CPU
		{43676978-2602-4795-A91E-8382543B83AD}.Debug|x86.Build.0 = Debug|Any CPU
		{43676978-2602-4795-A91E-8382543B83AD}.Release|Any CPU.ActiveCfg = Release|Any CPU
		{43676978-2602-4795-A91E-8382543B83AD}.Release|Any CPU.Build.0 = Release|Any CPU
		{43676978-2602-4795-A91E-8382543B83AD}.Release|x64.ActiveCfg = Release|Any CPU
		{43676978-2602-4795-A91E-8382543B83AD}.Release|x64.Build.0 = Release|Any CPU
		{43676978-2602-4795-A91E-8382543B83AD}.Release|x86.ActiveCfg = Release|Any CPU
		{43676978-2602-4795-A91E-8382543B83AD}.Release|x86.Build.0 = Release|Any CPU
		{A488BA9B-77F5-4D2A-9517-7B869174A0F8}.Debug|Any CPU.ActiveCfg = Debug|Any CPU
		{A488BA9B-77F5-4D2A-9517-7B869174A0F8}.Debug|Any CPU.Build.0 = Debug|Any CPU
		{A488BA9B-77F5-4D2A-9517-7B869174A0F8}.Debug|x64.ActiveCfg = Debug|Any CPU
		{A488BA9B-77F5-4D2A-9517-7B869174A0F8}.Debug|x64.Build.0 = Debug|Any CPU
		{A488BA9B-77F5-4D2A-9517-7B869174A0F8}.Debug|x86.ActiveCfg = Debug|Any CPU
		{A488BA9B-77F5-4D2A-9517-7B869174A0F8}.Debug|x86.Build.0 = Debug|Any CPU
		{A488BA9B-77F5-4D2A-9517-7B869174A0F8}.Release|Any CPU.ActiveCfg = Release|Any CPU
		{A488BA9B-77F5-4D2A-9517-7B869174A0F8}.Release|Any CPU.Build.0 = Release|Any CPU
		{A488BA9B-77F5-4D2A-9517-7B869174A0F8}.Release|x64.ActiveCfg = Release|Any CPU
		{A488BA9B-77F5-4D2A-9517-7B869174A0F8}.Release|x64.Build.0 = Release|Any CPU
		{A488BA9B-77F5-4D2A-9517-7B869174A0F8}.Release|x86.ActiveCfg = Release|Any CPU
		{A488BA9B-77F5-4D2A-9517-7B869174A0F8}.Release|x86.Build.0 = Release|Any CPU
	EndGlobalSection
	GlobalSection(SolutionProperties) = preSolution
		HideSolutionNode = FALSE
	EndGlobalSection
	GlobalSection(ExtensibilityGlobals) = postSolution
		SolutionGuid = {80D10C7F-F5BD-47AE-A0BD-05546514A9A4}
	EndGlobalSection
EndGlobal
